{
  "paketler": {
    "huma_sunucu": {
      "surum": "1.0.0",
      "hash": "0a2d1e18ea23907e9f2eb68f6bfb335c505fb067c53a46fb4d38eb34f0784c30"
    },
    "nlp_temel": {
      "surum": "1.0.0",
      "hash": "ffd539a656a1dff918b68f89522c6787ce47fba5d6317f5b5f52c22dad81c463"
    },
    "ag_istekleri": {
      "surum": "1.0.0",
      "hash": "cd7faea7a6a4c57614b1ca9939bf0bdcc3520f20e89c1df00d572b3146f33106"
    }
  },
  "guncelleme_zamani": "2026-04-03T17:01:25.000636479+03:00"
}